
Microsoft Visual Studio Solution File, Format Version 12.00
# Visual Studio 15
VisualStudioVersion = 15.0.28307.1169
MinimumVisualStudioVersion = 10.0.40219.1
Project("{FAE04EC0-301F-11D3-BF4B-00C04F79EFBC}") = "CARGAR_EXCEL", "CARGAR_EXCEL\CARGAR_EXCEL.csproj", "{BEFC4129-B014-427B-931C-DE99858C0F9B}"
EndProject
Global
	GlobalSection(SolutionConfigurationPlatforms) = preSolution
		Debug|Any CPU = Debug|Any CPU
		Release|Any CPU = Release|Any CPU
	EndGlobalSection
	GlobalSection(ProjectConfigurationPlatforms) = postSolution
		{BEFC4129-B014-427B-931C-DE99858C0F9B}.Debug|Any CPU.ActiveCfg = Debug|Any CPU
		{BEFC4129-B014-427B-931C-DE99858C0F9B}.Debug|Any CPU.Build.0 = Debug|Any CPU
		{BEFC4129-B014-427B-931C-DE99858C0F9B}.Release|Any CPU.ActiveCfg = Release|Any CPU
		{BEFC4129-B014-427B-931C-DE99858C0F9B}.Release|Any CPU.Build.0 = Release|Any CPU
	EndGlobalSection
	GlobalSection(SolutionProperties) = preSolution
		HideSolutionNode = FALSE
	EndGlobalSection
	GlobalSection(ExtensibilityGlobals) = postSolution
		SolutionGuid = {624B9207-78D2-468B-86A0-A5DA91B533B9}
	EndGlobalSection
EndGlobal
